
Microsoft Visual Studio Solution File, Format Version 12.00
# Visual Studio 15
Project("{FAE04EC0-301F-11D3-BF4B-00C04F79EFBC}") = "PbpRdfApi", "PbpRdfApi\PbpRdfApi.csproj", "{EF36BC28-A190-4167-AF28-EF225B7E15FF}"
EndProject
Project("{FAE04EC0-301F-11D3-BF4B-00C04F79EFBC}") = "PbpRdfApiTests", "PbpRdfApiTests\PbpRdfApiTests.csproj", "{7182F260-4B2A-4A86-9642-7BB02E9C4E7F}"
EndProject
Project("{2150E333-8FDC-42A3-9474-1A3956D46DE8}") = "Solution Items", "Solution Items", "{6B9B7408-26CF-4350-8171-3AC67B0EDFCA}"
EndProject
Global
	GlobalSection(SolutionConfigurationPlatforms) = preSolution
		Debug|Any CPU = Debug|Any CPU
		Release|Any CPU = Release|Any CPU
	EndGlobalSection
	GlobalSection(ProjectConfigurationPlatforms) = postSolution
		{EF36BC28-A190-4167-AF28-EF225B7E15FF}.Debug|Any CPU.ActiveCfg = Debug|Any CPU
		{EF36BC28-A190-4167-AF28-EF225B7E15FF}.Debug|Any CPU.Build.0 = Debug|Any CPU
		{EF36BC28-A190-4167-AF28-EF225B7E15FF}.Release|Any CPU.ActiveCfg = Release|Any CPU
		{EF36BC28-A190-4167-AF28-EF225B7E15FF}.Release|Any CPU.Build.0 = Release|Any CPU
		{7182F260-4B2A-4A86-9642-7BB02E9C4E7F}.Debug|Any CPU.ActiveCfg = Debug|Any CPU
		{7182F260-4B2A-4A86-9642-7BB02E9C4E7F}.Debug|Any CPU.Build.0 = Debug|Any CPU
		{7182F260-4B2A-4A86-9642-7BB02E9C4E7F}.Release|Any CPU.ActiveCfg = Release|Any CPU
		{7182F260-4B2A-4A86-9642-7BB02E9C4E7F}.Release|Any CPU.Build.0 = Release|Any CPU
	EndGlobalSection
EndGlobal
